// !$*UTF8*$!
{
	archiveVersion = 1;
	classes = {
	};
	objectVersion = 46;
	objects = {

/* Begin PBXBuildFile section */
		4317A2EFF4443ADE2BB3DC71 /* libPods-CarPool.in.a in Frameworks */ = {isa = PBXBuildFile; fileRef = FEB60DCAA4804DE4E6235A6C /* libPods-CarPool.in.a */; };
		D920DB1A1EB268A60087EB95 /* main.m in Sources */ = {isa = PBXBuildFile; fileRef = D920DB191EB268A60087EB95 /* main.m */; };
		D920DB1D1EB268A60087EB95 /* AppDelegate.m in Sources */ = {isa = PBXBuildFile; fileRef = D920DB1C1EB268A60087EB95 /* AppDelegate.m */; };
		D920DB231EB268A60087EB95 /* Main.storyboard in Resources */ = {isa = PBXBuildFile; fileRef = D920DB211EB268A60087EB95 /* Main.storyboard */; };
		D920DB251EB268A60087EB95 /* Assets.xcassets in Resources */ = {isa = PBXBuildFile; fileRef = D920DB241EB268A60087EB95 /* Assets.xcassets */; };
		D920DB281EB268A60087EB95 /* LaunchScreen.storyboard in Resources */ = {isa = PBXBuildFile; fileRef = D920DB261EB268A60087EB95 /* LaunchScreen.storyboard */; };
		D920DB311EB2690B0087EB95 /* TitleViewController.m in Sources */ = {isa = PBXBuildFile; fileRef = D920DB301EB2690B0087EB95 /* TitleViewController.m */; };
		D920DB361EB26BB30087EB95 /* GoogleService-Info.plist in Resources */ = {isa = PBXBuildFile; fileRef = D920DB351EB26BB30087EB95 /* GoogleService-Info.plist */; };
		D920DB381EB278190087EB95 /* logo.png in Resources */ = {isa = PBXBuildFile; fileRef = D920DB371EB278190087EB95 /* logo.png */; };
		D920DB3B1EB288F90087EB95 /* SignUpViewController.m in Sources */ = {isa = PBXBuildFile; fileRef = D920DB3A1EB288F90087EB95 /* SignUpViewController.m */; };
		D94341DB1EB4449700AF6336 /* CircleImageView.m in Sources */ = {isa = PBXBuildFile; fileRef = D94341DA1EB4449700AF6336 /* CircleImageView.m */; };
		D94341DE1EB5076700AF6336 /* PostRideViewController.m in Sources */ = {isa = PBXBuildFile; fileRef = D94341DD1EB5076700AF6336 /* PostRideViewController.m */; };
		D94341E11EB5093B00AF6336 /* MaterialNavigationView.m in Sources */ = {isa = PBXBuildFile; fileRef = D94341E01EB5093B00AF6336 /* MaterialNavigationView.m */; };
		D9F02A451EB42ADB007EB6EB /* RideLogViewController.m in Sources */ = {isa = PBXBuildFile; fileRef = D9F02A441EB42ADB007EB6EB /* RideLogViewController.m */; };
		D9F02A481EB4352C007EB6EB /* MaterialView.m in Sources */ = {isa = PBXBuildFile; fileRef = D9F02A471EB4352C007EB6EB /* MaterialView.m */; };
/* End PBXBuildFile section */

/* Begin PBXFileReference section */
		C4B4E6C8138EEC3169C015FF /* Pods-CarPool.in.debug.xcconfig */ = {isa = PBXFileReference; includeInIndex = 1; lastKnownFileType = text.xcconfig; name = "Pods-CarPool.in.debug.xcconfig"; path = "Pods/Target Support Files/Pods-CarPool.in/Pods-CarPool.in.debug.xcconfig"; sourceTree = "<group>"; };
		D046A8D805A607FA53EFBDA8 /* Pods-CarPool.in.release.xcconfig */ = {isa = PBXFileReference; includeInIndex = 1; lastKnownFileType = text.xcconfig; name = "Pods-CarPool.in.release.xcconfig"; path = "Pods/Target Support Files/Pods-CarPool.in/Pods-CarPool.in.release.xcconfig"; sourceTree = "<group>"; };
		D920DB151EB268A60087EB95 /* CarPool.in.app */ = {isa = PBXFileReference; explicitFileType = wrapper.application; includeInIndex = 0; path = CarPool.in.app; sourceTree = BUILT_PRODUCTS_DIR; };
		D920DB191EB268A60087EB95 /* main.m */ = {isa = PBXFileReference; lastKnownFileType = sourcecode.c.objc; path = main.m; sourceTree = "<group>"; };
		D920DB1B1EB268A60087EB95 /* AppDelegate.h */ = {isa = PBXFileReference; lastKnownFileType = sourcecode.c.h; path = AppDelegate.h; sourceTree = "<group>"; };
		D920DB1C1EB268A60087EB95 /* AppDelegate.m */ = {isa = PBXFileReference; lastKnownFileType = sourcecode.c.objc; path = AppDelegate.m; sourceTree = "<group>"; };
		D920DB221EB268A60087EB95 /* Base */ = {isa = PBXFileReference; lastKnownFileType = file.storyboard; name = Base; path = Base.lproj/Main.storyboard; sourceTree = "<group>"; };
		D920DB241EB268A60087EB95 /* Assets.xcassets */ = {isa = PBXFileReference; lastKnownFileType = folder.assetcatalog; path = Assets.xcassets; sourceTree = "<group>"; };
		D920DB271EB268A60087EB95 /* Base */ = {isa = PBXFileReference; lastKnownFileType = file.storyboard; name = Base; path = Base.lproj/LaunchScreen.storyboard; sourceTree = "<group>"; };
		D920DB291EB268A60087EB95 /* Info.plist */ = {isa = PBXFileReference; lastKnownFileType = text.plist.xml; path = Info.plist; sourceTree = "<group>"; };
		D920DB2F1EB2690B0087EB95 /* TitleViewController.h */ = {isa = PBXFileReference; fileEncoding = 4; lastKnownFileType = sourcecode.c.h; path = TitleViewController.h; sourceTree = "<group>"; };
		D920DB301EB2690B0087EB95 /* TitleViewController.m */ = {isa = PBXFileReference; fileEncoding = 4; lastKnownFileType = sourcecode.c.objc; path = TitleViewController.m; sourceTree = "<group>"; };
		D920DB351EB26BB30087EB95 /* GoogleService-Info.plist */ = {isa = PBXFileReference; fileEncoding = 4; lastKnownFileType = text.plist.xml; path = "GoogleService-Info.plist"; sourceTree = "<group>"; };
		D920DB371EB278190087EB95 /* logo.png */ = {isa = PBXFileReference; lastKnownFileType = image.png; path = logo.png; sourceTree = "<group>"; };
		D920DB391EB288F90087EB95 /* SignUpViewController.h */ = {isa = PBXFileReference; fileEncoding = 4; lastKnownFileType = sourcecode.c.h; path = SignUpViewController.h; sourceTree = "<group>"; };
		D920DB3A1EB288F90087EB95 /* SignUpViewController.m */ = {isa = PBXFileReference; fileEncoding = 4; lastKnownFileType = sourcecode.c.objc; path = SignUpViewController.m; sourceTree = "<group>"; };
		D94341D91EB4449700AF6336 /* CircleImageView.h */ = {isa = PBXFileReference; fileEncoding = 4; lastKnownFileType = sourcecode.c.h; path = CircleImageView.h; sourceTree = "<group>"; };
		D94341DA1EB4449700AF6336 /* CircleImageView.m */ = {isa = PBXFileReference; fileEncoding = 4; lastKnownFileType = sourcecode.c.objc; path = CircleImageView.m; sourceTree = "<group>"; };
		D94341DC1EB5076700AF6336 /* PostRideViewController.h */ = {isa = PBXFileReference; fileEncoding = 4; lastKnownFileType = sourcecode.c.h; path = PostRideViewController.h; sourceTree = "<group>"; };
		D94341DD1EB5076700AF6336 /* PostRideViewController.m */ = {isa = PBXFileReference; fileEncoding = 4; lastKnownFileType = sourcecode.c.objc; path = PostRideViewController.m; sourceTree = "<group>"; };
		D94341DF1EB5093B00AF6336 /* MaterialNavigationView.h */ = {isa = PBXFileReference; fileEncoding = 4; lastKnownFileType = sourcecode.c.h; path = MaterialNavigationView.h; sourceTree = "<group>"; };
		D94341E01EB5093B00AF6336 /* MaterialNavigationView.m */ = {isa = PBXFileReference; fileEncoding = 4; lastKnownFileType = sourcecode.c.objc; path = MaterialNavigationView.m; sourceTree = "<group>"; };
		D9F02A431EB42ADB007EB6EB /* RideLogViewController.h */ = {isa = PBXFileReference; fileEncoding = 4; lastKnownFileType = sourcecode.c.h; path = RideLogViewController.h; sourceTree = "<group>"; };
		D9F02A441EB42ADB007EB6EB /* RideLogViewController.m */ = {isa = PBXFileReference; fileEncoding = 4; lastKnownFileType = sourcecode.c.objc; path = RideLogViewController.m; sourceTree = "<group>"; };
		D9F02A461EB4352C007EB6EB /* MaterialView.h */ = {isa = PBXFileReference; fileEncoding = 4; lastKnownFileType = sourcecode.c.h; path = MaterialView.h; sourceTree = "<group>"; };
		D9F02A471EB4352C007EB6EB /* MaterialView.m */ = {isa = PBXFileReference; fileEncoding = 4; lastKnownFileType = sourcecode.c.objc; path = MaterialView.m; sourceTree = "<group>"; };
		FEB60DCAA4804DE4E6235A6C /* libPods-CarPool.in.a */ = {isa = PBXFileReference; explicitFileType = archive.ar; includeInIndex = 0; path = "libPods-CarPool.in.a"; sourceTree = BUILT_PRODUCTS_DIR; };
/* End PBXFileReference section */

/* Begin PBXFrameworksBuildPhase section */
		D920DB121EB268A60087EB95 /* Frameworks */ = {
			isa = PBXFrameworksBuildPhase;
			buildActionMask = 2147483647;
			files = (
				4317A2EFF4443ADE2BB3DC71 /* libPods-CarPool.in.a in Frameworks */,
			);
			runOnlyForDeploymentPostprocessing = 0;
		};
/* End PBXFrameworksBuildPhase section */

/* Begin PBXGroup section */
		63F10BB99D92AF41AC35C0CE /* Frameworks */ = {
			isa = PBXGroup;
			children = (
				FEB60DCAA4804DE4E6235A6C /* libPods-CarPool.in.a */,
			);
			name = Frameworks;
			sourceTree = "<group>";
		};
		899EB7271C7B01BF3C0A207D /* Pods */ = {
			isa = PBXGroup;
			children = (
				C4B4E6C8138EEC3169C015FF /* Pods-CarPool.in.debug.xcconfig */,
				D046A8D805A607FA53EFBDA8 /* Pods-CarPool.in.release.xcconfig */,
			);
			name = Pods;
			sourceTree = "<group>";
		};
		D920DB0C1EB268A60087EB95 = {
			isa = PBXGroup;
			children = (
				D920DB171EB268A60087EB95 /* CarPool.in */,
				D920DB161EB268A60087EB95 /* Products */,
				899EB7271C7B01BF3C0A207D /* Pods */,
				63F10BB99D92AF41AC35C0CE /* Frameworks */,
			);
			sourceTree = "<group>";
		};
		D920DB161EB268A60087EB95 /* Products */ = {
			isa = PBXGroup;
			children = (
				D920DB151EB268A60087EB95 /* CarPool.in.app */,
			);
			name = Products;
			sourceTree = "<group>";
		};
		D920DB171EB268A60087EB95 /* CarPool.in */ = {
			isa = PBXGroup;
			children = (
				D969C1221EB2BEC0006B8CEF /* Data Service */,
				D920DB341EB269190087EB95 /* Controller */,
				D920DB331EB269130087EB95 /* View */,
				D920DB321EB2690F0087EB95 /* Model */,
				D920DB181EB268A60087EB95 /* Supporting Files */,
			);
			path = CarPool.in;
			sourceTree = "<group>";
		};
		D920DB181EB268A60087EB95 /* Supporting Files */ = {
			isa = PBXGroup;
			children = (
				D920DB351EB26BB30087EB95 /* GoogleService-Info.plist */,
				D920DB1B1EB268A60087EB95 /* AppDelegate.h */,
				D920DB1C1EB268A60087EB95 /* AppDelegate.m */,
				D920DB211EB268A60087EB95 /* Main.storyboard */,
				D920DB241EB268A60087EB95 /* Assets.xcassets */,
				D920DB371EB278190087EB95 /* logo.png */,
				D920DB261EB268A60087EB95 /* LaunchScreen.storyboard */,
				D920DB291EB268A60087EB95 /* Info.plist */,
				D920DB191EB268A60087EB95 /* main.m */,
			);
			name = "Supporting Files";
			sourceTree = "<group>";
		};
		D920DB321EB2690F0087EB95 /* Model */ = {
			isa = PBXGroup;
			children = (
			);
			name = Model;
			sourceTree = "<group>";
		};
		D920DB331EB269130087EB95 /* View */ = {
			isa = PBXGroup;
			children = (
				D94341D91EB4449700AF6336 /* CircleImageView.h */,
				D94341DA1EB4449700AF6336 /* CircleImageView.m */,
				D9F02A461EB4352C007EB6EB /* MaterialView.h */,
				D9F02A471EB4352C007EB6EB /* MaterialView.m */,
				D94341DF1EB5093B00AF6336 /* MaterialNavigationView.h */,
				D94341E01EB5093B00AF6336 /* MaterialNavigationView.m */,
			);
			name = View;
			sourceTree = "<group>";
		};
		D920DB341EB269190087EB95 /* Controller */ = {
			isa = PBXGroup;
			children = (
				D920DB2F1EB2690B0087EB95 /* TitleViewController.h */,
				D920DB301EB2690B0087EB95 /* TitleViewController.m */,
				D920DB391EB288F90087EB95 /* SignUpViewController.h */,
				D920DB3A1EB288F90087EB95 /* SignUpViewController.m */,
				D9F02A431EB42ADB007EB6EB /* RideLogViewController.h */,
				D9F02A441EB42ADB007EB6EB /* RideLogViewController.m */,
				D94341DC1EB5076700AF6336 /* PostRideViewController.h */,
				D94341DD1EB5076700AF6336 /* PostRideViewController.m */,
			);
			name = Controller;
			sourceTree = "<group>";
		};
		D969C1221EB2BEC0006B8CEF /* Data Service */ = {
			isa = PBXGroup;
			children = (
			);
			name = "Data Service";
			sourceTree = "<group>";
		};
/* End PBXGroup section */

/* Begin PBXNativeTarget section */
		D920DB141EB268A60087EB95 /* CarPool.in */ = {
			isa = PBXNativeTarget;
			buildConfigurationList = D920DB2C1EB268A60087EB95 /* Build configuration list for PBXNativeTarget "CarPool.in" */;
			buildPhases = (
				5AB6BC6DCC4518FD38CCD3D2 /* [CP] Check Pods Manifest.lock */,
				D920DB111EB268A60087EB95 /* Sources */,
				D920DB121EB268A60087EB95 /* Frameworks */,
				D920DB131EB268A60087EB95 /* Resources */,
				8D4A073CA83F53B462A3C636 /* [CP] Embed Pods Frameworks */,
				462A2521F0018ECC5C837AD1 /* [CP] Copy Pods Resources */,
			);
			buildRules = (
			);
			dependencies = (
			);
			name = CarPool.in;
			productName = CarPool.in;
			productReference = D920DB151EB268A60087EB95 /* CarPool.in.app */;
			productType = "com.apple.product-type.application";
		};
/* End PBXNativeTarget section */

/* Begin PBXProject section */
		D920DB0D1EB268A60087EB95 /* Project object */ = {
			isa = PBXProject;
			attributes = {
				LastUpgradeCheck = 0830;
				ORGANIZATIONNAME = "Ron Ramirez";
				TargetAttributes = {
					D920DB141EB268A60087EB95 = {
						CreatedOnToolsVersion = 8.3;
						DevelopmentTeam = RJETQ2A4J2;
						ProvisioningStyle = Automatic;
					};
				};
			};
			buildConfigurationList = D920DB101EB268A60087EB95 /* Build configuration list for PBXProject "CarPool.in" */;
			compatibilityVersion = "Xcode 3.2";
			developmentRegion = English;
			hasScannedForEncodings = 0;
			knownRegions = (
				en,
				Base,
			);
			mainGroup = D920DB0C1EB268A60087EB95;
			productRefGroup = D920DB161EB268A60087EB95 /* Products */;
			projectDirPath = "";
			projectRoot = "";
			targets = (
				D920DB141EB268A60087EB95 /* CarPool.in */,
			);
		};
/* End PBXProject section */

/* Begin PBXResourcesBuildPhase section */
		D920DB131EB268A60087EB95 /* Resources */ = {
			isa = PBXResourcesBuildPhase;
			buildActionMask = 2147483647;
			files = (
				D920DB361EB26BB30087EB95 /* GoogleService-Info.plist in Resources */,
				D920DB381EB278190087EB95 /* logo.png in Resources */,
				D920DB281EB268A60087EB95 /* LaunchScreen.storyboard in Resources */,
				D920DB251EB268A60087EB95 /* Assets.xcassets in Resources */,
				D920DB231EB268A60087EB95 /* Main.storyboard in Resources */,
			);
			runOnlyForDeploymentPostprocessing = 0;
		};
/* End PBXResourcesBuildPhase section */

/* Begin PBXShellScriptBuildPhase section */
		462A2521F0018ECC5C837AD1 /* [CP] Copy Pods Resources */ = {
			isa = PBXShellScriptBuildPhase;
			buildActionMask = 2147483647;
			files = (
			);
			inputPaths = (
			);
			name = "[CP] Copy Pods Resources";
			outputPaths = (
			);
			runOnlyForDeploymentPostprocessing = 0;
			shellPath = /bin/sh;
			shellScript = "\"${SRCROOT}/Pods/Target Support Files/Pods-CarPool.in/Pods-CarPool.in-resources.sh\"\n";
			showEnvVarsInLog = 0;
		};
		5AB6BC6DCC4518FD38CCD3D2 /* [CP] Check Pods Manifest.lock */ = {
			isa = PBXShellScriptBuildPhase;
			buildActionMask = 2147483647;
			files = (
			);
			inputPaths = (
			);
			name = "[CP] Check Pods Manifest.lock";
			outputPaths = (
			);
			runOnlyForDeploymentPostprocessing = 0;
			shellPath = /bin/sh;
			shellScript = "diff \"${PODS_ROOT}/../Podfile.lock\" \"${PODS_ROOT}/Manifest.lock\" > /dev/null\nif [ $? != 0 ] ; then\n    # print error to STDERR\n    echo \"error: The sandbox is not in sync with the Podfile.lock. Run 'pod install' or update your CocoaPods installation.\" >&2\n    exit 1\nfi\n";
			showEnvVarsInLog = 0;
		};
		8D4A073CA83F53B462A3C636 /* [CP] Embed Pods Frameworks */ = {
			isa = PBXShellScriptBuildPhase;
			buildActionMask = 2147483647;
			files = (
			);
			inputPaths = (
			);
			name = "[CP] Embed Pods Frameworks";
			outputPaths = (
			);
			runOnlyForDeploymentPostprocessing = 0;
			shellPath = /bin/sh;
			shellScript = "\"${SRCROOT}/Pods/Target Support Files/Pods-CarPool.in/Pods-CarPool.in-frameworks.sh\"\n";
			showEnvVarsInLog = 0;
		};
/* End PBXShellScriptBuildPhase section */

/* Begin PBXSourcesBuildPhase section */
		D920DB111EB268A60087EB95 /* Sources */ = {
			isa = PBXSourcesBuildPhase;
			buildActionMask = 2147483647;
			files = (
				D94341E11EB5093B00AF6336 /* MaterialNavigationView.m in Sources */,
				D920DB1D1EB268A60087EB95 /* AppDelegate.m in Sources */,
				D920DB311EB2690B0087EB95 /* TitleViewController.m in Sources */,
				D94341DB1EB4449700AF6336 /* CircleImageView.m in Sources */,
				D920DB3B1EB288F90087EB95 /* SignUpViewController.m in Sources */,
				D94341DE1EB5076700AF6336 /* PostRideViewController.m in Sources */,
				D9F02A481EB4352C007EB6EB /* MaterialView.m in Sources */,
				D9F02A451EB42ADB007EB6EB /* RideLogViewController.m in Sources */,
				D920DB1A1EB268A60087EB95 /* main.m in Sources */,
			);
			runOnlyForDeploymentPostprocessing = 0;
		};
/* End PBXSourcesBuildPhase section */

/* Begin PBXVariantGroup section */
		D920DB211EB268A60087EB95 /* Main.storyboard */ = {
			isa = PBXVariantGroup;
			children = (
				D920DB221EB268A60087EB95 /* Base */,
			);
			name = Main.storyboard;
			sourceTree = "<group>";
		};
		D920DB261EB268A60087EB95 /* LaunchScreen.storyboard */ = {
			isa = PBXVariantGroup;
			children = (
				D920DB271EB268A60087EB95 /* Base */,
			);
			name = LaunchScreen.storyboard;
			sourceTree = "<group>";
		};
/* End PBXVariantGroup section */

/* Begin XCBuildConfiguration section */
		D920DB2A1EB268A60087EB95 /* Debug */ = {
			isa = XCBuildConfiguration;
			buildSettings = {
				ALWAYS_SEARCH_USER_PATHS = NO;
				CLANG_ANALYZER_NONNULL = YES;
				CLANG_ANALYZER_NUMBER_OBJECT_CONVERSION = YES_AGGRESSIVE;
				CLANG_CXX_LANGUAGE_STANDARD = "gnu++0x";
				CLANG_CXX_LIBRARY = "libc++";
				CLANG_ENABLE_MODULES = YES;
				CLANG_ENABLE_OBJC_ARC = YES;
				CLANG_WARN_BOOL_CONVERSION = YES;
				CLANG_WARN_CONSTANT_CONVERSION = YES;
				CLANG_WARN_DIRECT_OBJC_ISA_USAGE = YES_ERROR;
				CLANG_WARN_DOCUMENTATION_COMMENTS = YES;
				CLANG_WARN_EMPTY_BODY = YES;
				CLANG_WARN_ENUM_CONVERSION = YES;
				CLANG_WARN_INFINITE_RECURSION = YES;
				CLANG_WARN_INT_CONVERSION = YES;
				CLANG_WARN_OBJC_ROOT_CLASS = YES_ERROR;
				CLANG_WARN_SUSPICIOUS_MOVE = YES;
				CLANG_WARN_UNREACHABLE_CODE = YES;
				CLANG_WARN__DUPLICATE_METHOD_MATCH = YES;
				"CODE_SIGN_IDENTITY[sdk=iphoneos*]" = "iPhone Developer";
				COPY_PHASE_STRIP = NO;
				DEBUG_INFORMATION_FORMAT = dwarf;
				ENABLE_STRICT_OBJC_MSGSEND = YES;
				ENABLE_TESTABILITY = YES;
				GCC_C_LANGUAGE_STANDARD = gnu99;
				GCC_DYNAMIC_NO_PIC = NO;
				GCC_NO_COMMON_BLOCKS = YES;
				GCC_OPTIMIZATION_LEVEL = 0;
				GCC_PREPROCESSOR_DEFINITIONS = (
					"DEBUG=1",
					"$(inherited)",
				);
				GCC_WARN_64_TO_32_BIT_CONVERSION = YES;
				GCC_WARN_ABOUT_RETURN_TYPE = YES_ERROR;
				GCC_WARN_UNDECLARED_SELECTOR = YES;
				GCC_WARN_UNINITIALIZED_AUTOS = YES_AGGRESSIVE;
				GCC_WARN_UNUSED_FUNCTION = YES;
				GCC_WARN_UNUSED_VARIABLE = YES;
				IPHONEOS_DEPLOYMENT_TARGET = 10.3;
				MTL_ENABLE_DEBUG_INFO = YES;
				ONLY_ACTIVE_ARCH = YES;
				SDKROOT = iphoneos;
				TARGETED_DEVICE_FAMILY = "1,2";
			};
			name = Debug;
		};
		D920DB2B1EB268A60087EB95 /* Release */ = {
			isa = XCBuildConfiguration;
			buildSettings = {
				ALWAYS_SEARCH_USER_PATHS = NO;
				CLANG_ANALYZER_NONNULL = YES;
				CLANG_ANALYZER_NUMBER_OBJECT_CONVERSION = YES_AGGRESSIVE;
				CLANG_CXX_LANGUAGE_STANDARD = "gnu++0x";
				CLANG_CXX_LIBRARY = "libc++";
				CLANG_ENABLE_MODULES = YES;
				CLANG_ENABLE_OBJC_ARC = YES;
				CLANG_WARN_BOOL_CONVERSION = YES;
				CLANG_WARN_CONSTANT_CONVERSION = YES;
				CLANG_WARN_DIRECT_OBJC_ISA_USAGE = YES_ERROR;
				CLANG_WARN_DOCUMENTATION_COMMENTS = YES;
				CLANG_WARN_EMPTY_BODY = YES;
				CLANG_WARN_ENUM_CONVERSION = YES;
				CLANG_WARN_INFINITE_RECURSION = YES;
				CLANG_WARN_INT_CONVERSION = YES;
				CLANG_WARN_OBJC_ROOT_CLASS = YES_ERROR;
				CLANG_WARN_SUSPICIOUS_MOVE = YES;
				CLANG_WARN_UNREACHABLE_CODE = YES;
				CLANG_WARN__DUPLICATE_METHOD_MATCH = YES;
				"CODE_SIGN_IDENTITY[sdk=iphoneos*]" = "iPhone Developer";
				COPY_PHASE_STRIP = NO;
				DEBUG_INFORMATION_FORMAT = "dwarf-with-dsym";
				ENABLE_NS_ASSERTIONS = NO;
				ENABLE_STRICT_OBJC_MSGSEND = YES;
				GCC_C_LANGUAGE_STANDARD = gnu99;
				GCC_NO_COMMON_BLOCKS = YES;
				GCC_WARN_64_TO_32_BIT_CONVERSION = YES;
				GCC_WARN_ABOUT_RETURN_TYPE = YES_ERROR;
				GCC_WARN_UNDECLARED_SELECTOR = YES;
				GCC_WARN_UNINITIALIZED_AUTOS = YES_AGGRESSIVE;
				GCC_WARN_UNUSED_FUNCTION = YES;
				GCC_WARN_UNUSED_VARIABLE = YES;
				IPHONEOS_DEPLOYMENT_TARGET = 10.3;
				MTL_ENABLE_DEBUG_INFO = NO;
				SDKROOT = iphoneos;
				TARGETED_DEVICE_FAMILY = "1,2";
				VALIDATE_PRODUCT = YES;
			};
			name = Release;
		};
		D920DB2D1EB268A60087EB95 /* Debug */ = {
			isa = XCBuildConfiguration;
			baseConfigurationReference = C4B4E6C8138EEC3169C015FF /* Pods-CarPool.in.debug.xcconfig */;
			buildSettings = {
				ASSETCATALOG_COMPILER_APPICON_NAME = AppIcon;
				DEVELOPMENT_TEAM = RJETQ2A4J2;
				INFOPLIST_FILE = CarPool.in/Info.plist;
				LD_RUNPATH_SEARCH_PATHS = "$(inherited) @executable_path/Frameworks";
				PRODUCT_BUNDLE_IDENTIFIER = "com.RJTTraining.CarPool-in";
				PRODUCT_NAME = "$(TARGET_NAME)";
			};
			name = Debug;
		};
		D920DB2E1EB268A60087EB95 /* Release */ = {
			isa = XCBuildConfiguration;
			baseConfigurationReference = D046A8D805A607FA53EFBDA8 /* Pods-CarPool.in.release.xcconfig */;
			buildSettings = {
				ASSETCATALOG_COMPILER_APPICON_NAME = AppIcon;
				DEVELOPMENT_TEAM = RJETQ2A4J2;
				INFOPLIST_FILE = CarPool.in/Info.plist;
				LD_RUNPATH_SEARCH_PATHS = "$(inherited) @executable_path/Frameworks";
				PRODUCT_BUNDLE_IDENTIFIER = "com.RJTTraining.CarPool-in";
				PRODUCT_NAME = "$(TARGET_NAME)";
			};
			name = Release;
		};
/* End XCBuildConfiguration section */

/* Begin XCConfigurationList section */
		D920DB101EB268A60087EB95 /* Build configuration list for PBXProject "CarPool.in" */ = {
			isa = XCConfigurationList;
			buildConfigurations = (
				D920DB2A1EB268A60087EB95 /* Debug */,
				D920DB2B1EB268A60087EB95 /* Release */,
			);
			defaultConfigurationIsVisible = 0;
			defaultConfigurationName = Release;
		};
		D920DB2C1EB268A60087EB95 /* Build configuration list for PBXNativeTarget "CarPool.in" */ = {
			isa = XCConfigurationList;
			buildConfigurations = (
				D920DB2D1EB268A60087EB95 /* Debug */,
				D920DB2E1EB268A60087EB95 /* Release */,
			);
			defaultConfigurationIsVisible = 0;
			defaultConfigurationName = Release;
		};
/* End XCConfigurationList section */
	};
	rootObject = D920DB0D1EB268A60087EB95 /* Project object */;
}
